
Microsoft Visual Studio Solution File, Format Version 12.00
# Visual Studio Version 17
VisualStudioVersion = 17.11.35303.130
MinimumVisualStudioVersion = 10.0.40219.1
Project("{2150E333-8FDC-42A3-9474-1A3956D46DE8}") = "Task0", "Task0", "{D8CF6737-AA12-410D-A983-6E8B989080A5}"
EndProject
Project("{9A19103F-16F7-4668-BE54-9A1E7A4F7556}") = "Tyuiu.BerestenDS.Sprint2.Task0.V2", "Tyuiu.BerestenDS.Sprint2.Task0.V2\Tyuiu.BerestenDS.Sprint2.Task0.V2.csproj", "{6FD9A34B-B998-48E0-A9B7-E80CD0BFAD7A}"
EndProject
Project("{9A19103F-16F7-4668-BE54-9A1E7A4F7556}") = "Tyuiu.BerestenDS.Sprint2.Task0.V2.Lib", "Tyuiu.BerestenDS.Sprint2.Task0.V2.Lib\Tyuiu.BerestenDS.Sprint2.Task0.V2.Lib.csproj", "{A08D88D0-5B2E-4989-B65E-2276A9FD36C1}"
EndProject
Project("{9A19103F-16F7-4668-BE54-9A1E7A4F7556}") = "Tyuiu.BerestenDS.Sprint2.Task0.V2.Test", "Tyuiu.BerestenDS.Sprint2.Task0.V2.Test\Tyuiu.BerestenDS.Sprint2.Task0.V2.Test.csproj", "{F040076C-1C93-47D0-897E-12916A76DC63}"
EndProject
Project("{2150E333-8FDC-42A3-9474-1A3956D46DE8}") = "Task1", "Task1", "{5A2CB11E-97C0-41CE-B63E-328870E438F7}"
EndProject
Project("{9A19103F-16F7-4668-BE54-9A1E7A4F7556}") = "Tyuiu.BerestenDS.Sprint2.Task1.V29", "Tyuiu.BerestenDS.Sprint2.Task1.V29\Tyuiu.BerestenDS.Sprint2.Task1.V29.csproj", "{5FDBD0B1-B8D5-4DB0-9700-37BB99B5AD35}"
EndProject
Project("{9A19103F-16F7-4668-BE54-9A1E7A4F7556}") = "Tyuiu.BerestenDS.Sprint2.Task1.V29.Lib", "Tyuiu.BerestenDS.Sprint2.Task1.V29.Lib\Tyuiu.BerestenDS.Sprint2.Task1.V29.Lib.csproj", "{BB12B19F-921F-431D-BF0E-4814CAF279C3}"
EndProject
Project("{9A19103F-16F7-4668-BE54-9A1E7A4F7556}") = "Tyuiu.BerestenDS.Sprint2.Task1.V29.Test", "Tyuiu.BerestenDS.Sprint2.Task1.V29.Test\Tyuiu.BerestenDS.Sprint2.Task1.V29.Test.csproj", "{EE334644-722B-4505-B6EE-E4507F157B0B}"
EndProject
Project("{2150E333-8FDC-42A3-9474-1A3956D46DE8}") = "Task2", "Task2", "{8D2A9929-D20D-48AB-A7FD-243AA6DC13A0}"
EndProject
Project("{9A19103F-16F7-4668-BE54-9A1E7A4F7556}") = "Tyuiu.BerestenDS.Sprint2.Task2.V1", "Tyuiu.BerestenDS.Sprint2.Task2.V1\Tyuiu.BerestenDS.Sprint2.Task2.V1.csproj", "{8A008456-5D24-4F21-9E43-25A8192AEB1D}"
EndProject
Project("{9A19103F-16F7-4668-BE54-9A1E7A4F7556}") = "Tyuiu.BerestenDS.Sprint2.Task2.V1.Lib", "Tyuiu.BerestenDS.Sprint2.Task2.V1.Lib\Tyuiu.BerestenDS.Sprint2.Task2.V1.Lib.csproj", "{3A04661F-3056-4DF6-B236-88CFFB6D469C}"
EndProject
Project("{9A19103F-16F7-4668-BE54-9A1E7A4F7556}") = "Tyuiu.BerestenDS.Sprint2.Task2.V1.Test", "Tyuiu.BerestenDS.Sprint2.Task2.V1.Test\Tyuiu.BerestenDS.Sprint2.Task2.V1.Test.csproj", "{E4F34AAD-9317-4493-8079-994D51AA522B}"
EndProject
Project("{2150E333-8FDC-42A3-9474-1A3956D46DE8}") = "Task3", "Task3", "{4CEF4310-22C2-47D6-9EB7-BA4DFFE23782}"
EndProject
Project("{9A19103F-16F7-4668-BE54-9A1E7A4F7556}") = "Tyuiu.BerestenDS.Sprint2.Task3.V12", "Tyuiu.BerestenDS.Sprint2.Task3.V12\Tyuiu.BerestenDS.Sprint2.Task3.V12.csproj", "{347373FC-7676-41D8-B39E-2BC03445391D}"
EndProject
Project("{9A19103F-16F7-4668-BE54-9A1E7A4F7556}") = "Tyuiu.BerestenDS.Sprint2.Task3.V12.Lib", "Tyuiu.BerestenDS.Sprint2.Task3.V12.Lib\Tyuiu.BerestenDS.Sprint2.Task3.V12.Lib.csproj", "{83C52C47-A59E-4389-A3D6-B80B2473FDD3}"
EndProject
Project("{9A19103F-16F7-4668-BE54-9A1E7A4F7556}") = "Tyuiu.BerestenDS.Sprint2.Task3.V12.Test", "Tyuiu.BerestenDS.Sprint2.Task3.V12.Test\Tyuiu.BerestenDS.Sprint2.Task3.V12.Test.csproj", "{5413FDB1-0DF4-44CF-A481-14A6FE3B385D}"
EndProject
Project("{2150E333-8FDC-42A3-9474-1A3956D46DE8}") = "Task4", "Task4", "{B535D708-5962-4E0B-A351-E62C308E67D5}"
EndProject
Project("{9A19103F-16F7-4668-BE54-9A1E7A4F7556}") = "Tyuiu.BerestenDS.Sprint2.Task4.V14", "Tyuiu.BerestenDS.Sprint2.Task4.V14\Tyuiu.BerestenDS.Sprint2.Task4.V14.csproj", "{05257B72-CCAE-41B7-BD22-A2407449813A}"
EndProject
Project("{9A19103F-16F7-4668-BE54-9A1E7A4F7556}") = "Tyuiu.BerestenDS.Sprint2.Task4.V14.Lib", "Tyuiu.BerestenDS.Sprint2.Task4.V14.Lib\Tyuiu.BerestenDS.Sprint2.Task4.V14.Lib.csproj", "{5A8B45DD-2765-4D6E-903A-91FF747051E9}"
EndProject
Project("{9A19103F-16F7-4668-BE54-9A1E7A4F7556}") = "Tyuiu.BerestenDS.Sprint2.Task4.V14.Test", "Tyuiu.BerestenDS.Sprint2.Task4.V14.Test\Tyuiu.BerestenDS.Sprint2.Task4.V14.Test.csproj", "{359DA1F0-447E-4C02-9709-68D878C801B4}"
EndProject
Project("{2150E333-8FDC-42A3-9474-1A3956D46DE8}") = "Task5", "Task5", "{D6D7893B-7EB6-40CA-9173-D3BB9A5EA17B}"
EndProject
Project("{9A19103F-16F7-4668-BE54-9A1E7A4F7556}") = "Tyuiu.BerestenDS.Sprint2.Task5.V14", "Tyuiu.BerestenDS.Sprint2.Task5.V14\Tyuiu.BerestenDS.Sprint2.Task5.V14.csproj", "{0A6004C5-A71C-4AF2-B6A0-E5E80DC94B76}"
EndProject
Project("{9A19103F-16F7-4668-BE54-9A1E7A4F7556}") = "Tyuiu.BerestenDS.Sprint2.Task5.V14.Lib", "Tyuiu.BerestenDS.Sprint2.Task5.V14.Lib\Tyuiu.BerestenDS.Sprint2.Task5.V14.Lib.csproj", "{CDBBD229-0A57-4CB6-8E92-6A6D0D80882E}"
EndProject
Project("{9A19103F-16F7-4668-BE54-9A1E7A4F7556}") = "Tyuiu.BerestenDS.Sprint2.Task5.V14.Test", "Tyuiu.BerestenDS.Sprint2.Task5.V14.Test\Tyuiu.BerestenDS.Sprint2.Task5.V14.Test.csproj", "{73F5690C-11FA-4237-B65E-B9262DDBACD8}"
EndProject
Project("{2150E333-8FDC-42A3-9474-1A3956D46DE8}") = "Task6", "Task6", "{BAAE6602-9120-4032-A474-0BB8337EE9A0}"
EndProject
Project("{FAE04EC0-301F-11D3-BF4B-00C04F79EFBC}") = "Tyuiu.BerestenDS.Sprint2.Task6.V13", "Tyuiu.BerestenDS.Sprint2.Task6.V13\Tyuiu.BerestenDS.Sprint2.Task6.V13.csproj", "{B22DD09F-BF8F-47D3-BE2B-0ED4E10BFBD3}"
EndProject
Project("{FAE04EC0-301F-11D3-BF4B-00C04F79EFBC}") = "Tyuiu.BerestenDS.Sprint2.Task6.V13.Lib", "Tyuiu.BerestenDS.Sprint2.Task6.V13.Lib\Tyuiu.BerestenDS.Sprint2.Task6.V13.Lib.csproj", "{58A2786B-3E2F-486A-9F5B-CE67AF09A43A}"
EndProject
Project("{FAE04EC0-301F-11D3-BF4B-00C04F79EFBC}") = "Tyuiu.BerestenDS.Sprint2.Task6.V13.Test", "Tyuiu.BerestenDS.Sprint2.Task6.V13.Test\Tyuiu.BerestenDS.Sprint2.Task6.V13.Test.csproj", "{F804C455-DF15-4B00-93D7-F5136B580D11}"
EndProject
Global
	GlobalSection(SolutionConfigurationPlatforms) = preSolution
		Debug|Any CPU = Debug|Any CPU
		Release|Any CPU = Release|Any CPU
	EndGlobalSection
	GlobalSection(ProjectConfigurationPlatforms) = postSolution
		{6FD9A34B-B998-48E0-A9B7-E80CD0BFAD7A}.Debug|Any CPU.ActiveCfg = Debug|Any CPU
		{6FD9A34B-B998-48E0-A9B7-E80CD0BFAD7A}.Debug|Any CPU.Build.0 = Debug|Any CPU
		{6FD9A34B-B998-48E0-A9B7-E80CD0BFAD7A}.Release|Any CPU.ActiveCfg = Release|Any CPU
		{6FD9A34B-B998-48E0-A9B7-E80CD0BFAD7A}.Release|Any CPU.Build.0 = Release|Any CPU
		{A08D88D0-5B2E-4989-B65E-2276A9FD36C1}.Debug|Any CPU.ActiveCfg = Debug|Any CPU
		{A08D88D0-5B2E-4989-B65E-2276A9FD36C1}.Debug|Any CPU.Build.0 = Debug|Any CPU
		{A08D88D0-5B2E-4989-B65E-2276A9FD36C1}.Release|Any CPU.ActiveCfg = Release|Any CPU
		{A08D88D0-5B2E-4989-B65E-2276A9FD36C1}.Release|Any CPU.Build.0 = Release|Any CPU
		{F040076C-1C93-47D0-897E-12916A76DC63}.Debug|Any CPU.ActiveCfg = Debug|Any CPU
		{F040076C-1C93-47D0-897E-12916A76DC63}.Debug|Any CPU.Build.0 = Debug|Any CPU
		{F040076C-1C93-47D0-897E-12916A76DC63}.Release|Any CPU.ActiveCfg = Release|Any CPU
		{F040076C-1C93-47D0-897E-12916A76DC63}.Release|Any CPU.Build.0 = Release|Any CPU
		{5FDBD0B1-B8D5-4DB0-9700-37BB99B5AD35}.Debug|Any CPU.ActiveCfg = Debug|Any CPU
		{5FDBD0B1-B8D5-4DB0-9700-37BB99B5AD35}.Debug|Any CPU.Build.0 = Debug|Any CPU
		{5FDBD0B1-B8D5-4DB0-9700-37BB99B5AD35}.Release|Any CPU.ActiveCfg = Release|Any CPU
		{5FDBD0B1-B8D5-4DB0-9700-37BB99B5AD35}.Release|Any CPU.Build.0 = Release|Any CPU
		{BB12B19F-921F-431D-BF0E-4814CAF279C3}.Debug|Any CPU.ActiveCfg = Debug|Any CPU
		{BB12B19F-921F-431D-BF0E-4814CAF279C3}.Debug|Any CPU.Build.0 = Debug|Any CPU
		{BB12B19F-921F-431D-BF0E-4814CAF279C3}.Release|Any CPU.ActiveCfg = Release|Any CPU
		{BB12B19F-921F-431D-BF0E-4814CAF279C3}.Release|Any CPU.Build.0 = Release|Any CPU
		{EE334644-722B-4505-B6EE-E4507F157B0B}.Debug|Any CPU.ActiveCfg = Debug|Any CPU
		{EE334644-722B-4505-B6EE-E4507F157B0B}.Debug|Any CPU.Build.0 = Debug|Any CPU
		{EE334644-722B-4505-B6EE-E4507F157B0B}.Release|Any CPU.ActiveCfg = Release|Any CPU
		{EE334644-722B-4505-B6EE-E4507F157B0B}.Release|Any CPU.Build.0 = Release|Any CPU
		{8A008456-5D24-4F21-9E43-25A8192AEB1D}.Debug|Any CPU.ActiveCfg = Debug|Any CPU
		{8A008456-5D24-4F21-9E43-25A8192AEB1D}.Debug|Any CPU.Build.0 = Debug|Any CPU
		{8A008456-5D24-4F21-9E43-25A8192AEB1D}.Release|Any CPU.ActiveCfg = Release|Any CPU
		{8A008456-5D24-4F21-9E43-25A8192AEB1D}.Release|Any CPU.Build.0 = Release|Any CPU
		{3A04661F-3056-4DF6-B236-88CFFB6D469C}.Debug|Any CPU.ActiveCfg = Debug|Any CPU
		{3A04661F-3056-4DF6-B236-88CFFB6D469C}.Debug|Any CPU.Build.0 = Debug|Any CPU
		{3A04661F-3056-4DF6-B236-88CFFB6D469C}.Release|Any CPU.ActiveCfg = Release|Any CPU
		{3A04661F-3056-4DF6-B236-88CFFB6D469C}.Release|Any CPU.Build.0 = Release|Any CPU
		{E4F34AAD-9317-4493-8079-994D51AA522B}.Debug|Any CPU.ActiveCfg = Debug|Any CPU
		{E4F34AAD-9317-4493-8079-994D51AA522B}.Debug|Any CPU.Build.0 = Debug|Any CPU
		{E4F34AAD-9317-4493-8079-994D51AA522B}.Release|Any CPU.ActiveCfg = Release|Any CPU
		{E4F34AAD-9317-4493-8079-994D51AA522B}.Release|Any CPU.Build.0 = Release|Any CPU
		{347373FC-7676-41D8-B39E-2BC03445391D}.Debug|Any CPU.ActiveCfg = Debug|Any CPU
		{347373FC-7676-41D8-B39E-2BC03445391D}.Debug|Any CPU.Build.0 = Debug|Any CPU
		{347373FC-7676-41D8-B39E-2BC03445391D}.Release|Any CPU.ActiveCfg = Release|Any CPU
		{347373FC-7676-41D8-B39E-2BC03445391D}.Release|Any CPU.Build.0 = Release|Any CPU
		{83C52C47-A59E-4389-A3D6-B80B2473FDD3}.Debug|Any CPU.ActiveCfg = Debug|Any CPU
		{83C52C47-A59E-4389-A3D6-B80B2473FDD3}.Debug|Any CPU.Build.0 = Debug|Any CPU
		{83C52C47-A59E-4389-A3D6-B80B2473FDD3}.Release|Any CPU.ActiveCfg = Release|Any CPU
		{83C52C47-A59E-4389-A3D6-B80B2473FDD3}.Release|Any CPU.Build.0 = Release|Any CPU
		{5413FDB1-0DF4-44CF-A481-14A6FE3B385D}.Debug|Any CPU.ActiveCfg = Debug|Any CPU
		{5413FDB1-0DF4-44CF-A481-14A6FE3B385D}.Debug|Any CPU.Build.0 = Debug|Any CPU
		{5413FDB1-0DF4-44CF-A481-14A6FE3B385D}.Release|Any CPU.ActiveCfg = Release|Any CPU
		{5413FDB1-0DF4-44CF-A481-14A6FE3B385D}.Release|Any CPU.Build.0 = Release|Any CPU
		{05257B72-CCAE-41B7-BD22-A2407449813A}.Debug|Any CPU.ActiveCfg = Debug|Any CPU
		{05257B72-CCAE-41B7-BD22-A2407449813A}.Debug|Any CPU.Build.0 = Debug|Any CPU
		{05257B72-CCAE-41B7-BD22-A2407449813A}.Release|Any CPU.ActiveCfg = Release|Any CPU
		{05257B72-CCAE-41B7-BD22-A2407449813A}.Release|Any CPU.Build.0 = Release|Any CPU
		{5A8B45DD-2765-4D6E-903A-91FF747051E9}.Debug|Any CPU.ActiveCfg = Debug|Any CPU
		{5A8B45DD-2765-4D6E-903A-91FF747051E9}.Debug|Any CPU.Build.0 = Debug|Any CPU
		{5A8B45DD-2765-4D6E-903A-91FF747051E9}.Release|Any CPU.ActiveCfg = Release|Any CPU
		{5A8B45DD-2765-4D6E-903A-91FF747051E9}.Release|Any CPU.Build.0 = Release|Any CPU
		{359DA1F0-447E-4C02-9709-68D878C801B4}.Debug|Any CPU.ActiveCfg = Debug|Any CPU
		{359DA1F0-447E-4C02-9709-68D878C801B4}.Debug|Any CPU.Build.0 = Debug|Any CPU
		{359DA1F0-447E-4C02-9709-68D878C801B4}.Release|Any CPU.ActiveCfg = Release|Any CPU
		{359DA1F0-447E-4C02-9709-68D878C801B4}.Release|Any CPU.Build.0 = Release|Any CPU
		{0A6004C5-A71C-4AF2-B6A0-E5E80DC94B76}.Debug|Any CPU.ActiveCfg = Debug|Any CPU
		{0A6004C5-A71C-4AF2-B6A0-E5E80DC94B76}.Debug|Any CPU.Build.0 = Debug|Any CPU
		{0A6004C5-A71C-4AF2-B6A0-E5E80DC94B76}.Release|Any CPU.ActiveCfg = Release|Any CPU
		{0A6004C5-A71C-4AF2-B6A0-E5E80DC94B76}.Release|Any CPU.Build.0 = Release|Any CPU
		{CDBBD229-0A57-4CB6-8E92-6A6D0D80882E}.Debug|Any CPU.ActiveCfg = Debug|Any CPU
		{CDBBD229-0A57-4CB6-8E92-6A6D0D80882E}.Debug|Any CPU.Build.0 = Debug|Any CPU
		{CDBBD229-0A57-4CB6-8E92-6A6D0D80882E}.Release|Any CPU.ActiveCfg = Release|Any CPU
		{CDBBD229-0A57-4CB6-8E92-6A6D0D80882E}.Release|Any CPU.Build.0 = Release|Any CPU
		{73F5690C-11FA-4237-B65E-B9262DDBACD8}.Debug|Any CPU.ActiveCfg = Debug|Any CPU
		{73F5690C-11FA-4237-B65E-B9262DDBACD8}.Debug|Any CPU.Build.0 = Debug|Any CPU
		{73F5690C-11FA-4237-B65E-B9262DDBACD8}.Release|Any CPU.ActiveCfg = Release|Any CPU
		{73F5690C-11FA-4237-B65E-B9262DDBACD8}.Release|Any CPU.Build.0 = Release|Any CPU
		{B22DD09F-BF8F-47D3-BE2B-0ED4E10BFBD3}.Debug|Any CPU.ActiveCfg = Debug|Any CPU
		{B22DD09F-BF8F-47D3-BE2B-0ED4E10BFBD3}.Debug|Any CPU.Build.0 = Debug|Any CPU
		{B22DD09F-BF8F-47D3-BE2B-0ED4E10BFBD3}.Release|Any CPU.ActiveCfg = Release|Any CPU
		{B22DD09F-BF8F-47D3-BE2B-0ED4E10BFBD3}.Release|Any CPU.Build.0 = Release|Any CPU
		{58A2786B-3E2F-486A-9F5B-CE67AF09A43A}.Debug|Any CPU.ActiveCfg = Debug|Any CPU
		{58A2786B-3E2F-486A-9F5B-CE67AF09A43A}.Debug|Any CPU.Build.0 = Debug|Any CPU
		{58A2786B-3E2F-486A-9F5B-CE67AF09A43A}.Release|Any CPU.ActiveCfg = Release|Any CPU
		{58A2786B-3E2F-486A-9F5B-CE67AF09A43A}.Release|Any CPU.Build.0 = Release|Any CPU
		{F804C455-DF15-4B00-93D7-F5136B580D11}.Debug|Any CPU.ActiveCfg = Debug|Any CPU
		{F804C455-DF15-4B00-93D7-F5136B580D11}.Debug|Any CPU.Build.0 = Debug|Any CPU
		{F804C455-DF15-4B00-93D7-F5136B580D11}.Release|Any CPU.ActiveCfg = Release|Any CPU
		{F804C455-DF15-4B00-93D7-F5136B580D11}.Release|Any CPU.Build.0 = Release|Any CPU
	EndGlobalSection
	GlobalSection(SolutionProperties) = preSolution
		HideSolutionNode = FALSE
	EndGlobalSection
	GlobalSection(NestedProjects) = preSolution
		{6FD9A34B-B998-48E0-A9B7-E80CD0BFAD7A} = {D8CF6737-AA12-410D-A983-6E8B989080A5}
		{A08D88D0-5B2E-4989-B65E-2276A9FD36C1} = {D8CF6737-AA12-410D-A983-6E8B989080A5}
		{F040076C-1C93-47D0-897E-12916A76DC63} = {D8CF6737-AA12-410D-A983-6E8B989080A5}
		{5FDBD0B1-B8D5-4DB0-9700-37BB99B5AD35} = {5A2CB11E-97C0-41CE-B63E-328870E438F7}
		{BB12B19F-921F-431D-BF0E-4814CAF279C3} = {5A2CB11E-97C0-41CE-B63E-328870E438F7}
		{EE334644-722B-4505-B6EE-E4507F157B0B} = {5A2CB11E-97C0-41CE-B63E-328870E438F7}
		{8A008456-5D24-4F21-9E43-25A8192AEB1D} = {8D2A9929-D20D-48AB-A7FD-243AA6DC13A0}
		{3A04661F-3056-4DF6-B236-88CFFB6D469C} = {8D2A9929-D20D-48AB-A7FD-243AA6DC13A0}
		{E4F34AAD-9317-4493-8079-994D51AA522B} = {8D2A9929-D20D-48AB-A7FD-243AA6DC13A0}
		{347373FC-7676-41D8-B39E-2BC03445391D} = {4CEF4310-22C2-47D6-9EB7-BA4DFFE23782}
		{83C52C47-A59E-4389-A3D6-B80B2473FDD3} = {4CEF4310-22C2-47D6-9EB7-BA4DFFE23782}
		{5413FDB1-0DF4-44CF-A481-14A6FE3B385D} = {4CEF4310-22C2-47D6-9EB7-BA4DFFE23782}
		{05257B72-CCAE-41B7-BD22-A2407449813A} = {B535D708-5962-4E0B-A351-E62C308E67D5}
		{5A8B45DD-2765-4D6E-903A-91FF747051E9} = {B535D708-5962-4E0B-A351-E62C308E67D5}
		{359DA1F0-447E-4C02-9709-68D878C801B4} = {B535D708-5962-4E0B-A351-E62C308E67D5}
		{0A6004C5-A71C-4AF2-B6A0-E5E80DC94B76} = {D6D7893B-7EB6-40CA-9173-D3BB9A5EA17B}
		{CDBBD229-0A57-4CB6-8E92-6A6D0D80882E} = {D6D7893B-7EB6-40CA-9173-D3BB9A5EA17B}
		{73F5690C-11FA-4237-B65E-B9262DDBACD8} = {D6D7893B-7EB6-40CA-9173-D3BB9A5EA17B}
		{B22DD09F-BF8F-47D3-BE2B-0ED4E10BFBD3} = {BAAE6602-9120-4032-A474-0BB8337EE9A0}
		{58A2786B-3E2F-486A-9F5B-CE67AF09A43A} = {BAAE6602-9120-4032-A474-0BB8337EE9A0}
		{F804C455-DF15-4B00-93D7-F5136B580D11} = {BAAE6602-9120-4032-A474-0BB8337EE9A0}
	EndGlobalSection
	GlobalSection(ExtensibilityGlobals) = postSolution
		SolutionGuid = {D31D5D24-C3D6-4926-ACF8-AAB10A00414B}
	EndGlobalSection
EndGlobal
